<?xml version="1.0" encoding="utf-8"?>
<Project ToolsVersion="4.0" xmlns="http://schemas.microsoft.com/developer/msbuild/2003">
  <ItemGroup>
    <Filter Include="Source Files">
      <UniqueIdentifier>{4FC737F1-C7A5-4376-A066-2A32D752A2FF}</UniqueIdentifier>
      <Extensions>cpp;c;cc;cxx;def;odl;idl;hpj;bat;asm;asmx</Extensions>
    </Filter>
    <Filter Include="Header Files">
      <UniqueIdentifier>{93995380-89BD-4b04-88EB-625FBE52EBFB}</UniqueIdentifier>
      <Extensions>h;hpp;hxx;hm;inl;inc;xsd</Extensions>
    </Filter>
    <Filter Include="Resource Files">
      <UniqueIdentifier>{67DA6AB6-F800-4c08-8B7A-83BB121AAD01}</UniqueIdentifier>
      <Extensions>rc;ico;cur;bmp;dlg;rc2;rct;bin;rgs;gif;jpg;jpeg;jpe;resx;tiff;tif;png;wav;mfcribbon-ms</Extensions>
    </Filter>
    <Filter Include="Header Files\Battle">
      <UniqueIdentifier>{1880a4a6-b98c-404c-a82e-6a8b4619e184}</UniqueIdentifier>
    </Filter>
    <Filter Include="Source Files\Battle">
      <UniqueIdentifier>{4cee629f-d3ff-4d9c-855f-f2da67ed785f}</UniqueIdentifier>
    </Filter>
    <Filter Include="Header Files\Images">
      <UniqueIdentifier>{20c398c2-294d-4d0d-a227-89d1dda12a67}</UniqueIdentifier>
    </Filter>
    <Filter Include="Source Files\Images">
      <UniqueIdentifier>{581d51ac-6654-4438-8a81-e9f5f13bc384}</UniqueIdentifier>
    </Filter>
    <Filter Include="Header Files\Utilities">
      <UniqueIdentifier>{e7e477ab-d3d8-4aff-9e08-a47fc346d5c0}</UniqueIdentifier>
    </Filter>
    <Filter Include="Source Files\Utilities">
      <UniqueIdentifier>{e3c6ae13-7507-415f-9406-2c62b6df3753}</UniqueIdentifier>
    </Filter>
    <Filter Include="Header Files\Map">
      <UniqueIdentifier>{43671170-9096-4019-8fc2-b0bb9f0fd353}</UniqueIdentifier>
    </Filter>
    <Filter Include="Source Files\Map">
      <UniqueIdentifier>{f66f3fc1-9708-4df6-af25-aa02e47c4802}</UniqueIdentifier>
    </Filter>
    <Filter Include="Header Files\Animation">
      <UniqueIdentifier>{247035fe-9b3e-402e-8eea-a589dc2ca4f4}</UniqueIdentifier>
    </Filter>
    <Filter Include="Source Files\Animation">
      <UniqueIdentifier>{77d8d180-c556-4789-a059-174b1714ec5a}</UniqueIdentifier>
    </Filter>
    <Filter Include="Header Files\TextBox">
      <UniqueIdentifier>{e18bb8e3-da9e-4ab6-9ef3-bf61e126ebee}</UniqueIdentifier>
    </Filter>
    <Filter Include="Source Files\TextBox">
      <UniqueIdentifier>{83f9cfb8-1009-467a-ae97-f324b1fb90b4}</UniqueIdentifier>
    </Filter>
    <Filter Include="Header Files\Font">
      <UniqueIdentifier>{82786b74-2a0c-400d-a6db-3f95e0df666f}</UniqueIdentifier>
    </Filter>
    <Filter Include="Source Files\FontStore">
      <UniqueIdentifier>{b554ba31-9d2a-41ca-898b-e2451fc9cc85}</UniqueIdentifier>
    </Filter>
    <Filter Include="Header Files\DrawToScreen">
      <UniqueIdentifier>{44b27c86-d4ff-46b9-9864-56379dabee26}</UniqueIdentifier>
    </Filter>
    <Filter Include="Source Files\DrawToScreen">
      <UniqueIdentifier>{e1869093-aed5-459f-817c-71459fd1393a}</UniqueIdentifier>
    </Filter>
    <Filter Include="Header Files\Battle\TurnTimer">
      <UniqueIdentifier>{ea6570d7-10c7-4735-ae5c-f4eff5f93f66}</UniqueIdentifier>
    </Filter>
    <Filter Include="Header Files\Battle\TurnTimer\Base Class">
      <UniqueIdentifier>{6f037d71-1719-4052-9f7d-bae716333bce}</UniqueIdentifier>
    </Filter>
    <Filter Include="Header Files\Battle\TurnTimer\Derived Class">
      <UniqueIdentifier>{ebb00211-9050-438e-a1c5-466f021b3c74}</UniqueIdentifier>
    </Filter>
    <Filter Include="Header Files\List">
      <UniqueIdentifier>{2d1410bf-b860-4cd0-ac3c-04d6d3e9a99d}</UniqueIdentifier>
    </Filter>
    <Filter Include="Source Files\List">
      <UniqueIdentifier>{8027d86d-0314-434a-ab05-8399f5317255}</UniqueIdentifier>
    </Filter>
    <Filter Include="Header Files\List\Derived Class">
      <UniqueIdentifier>{c4cd8285-6213-4d5d-a5c2-b6a176ec92db}</UniqueIdentifier>
    </Filter>
    <Filter Include="Header Files\List\Base Class">
      <UniqueIdentifier>{6f3f1c54-9c2b-435d-acb6-889efd2ded3d}</UniqueIdentifier>
    </Filter>
    <Filter Include="Source Files\List\Base Class">
      <UniqueIdentifier>{d7eda8f4-7551-40cb-8dfd-5243f8b9bc2e}</UniqueIdentifier>
    </Filter>
    <Filter Include="Source Files\List\Derived Class">
      <UniqueIdentifier>{32207718-334f-4be8-885e-142d20e984ab}</UniqueIdentifier>
    </Filter>
    <Filter Include="Source Files\Character">
      <UniqueIdentifier>{d1b70676-8bea-481b-acb0-0be6e2ce11e6}</UniqueIdentifier>
    </Filter>
    <Filter Include="Source Files\Character\CharacterManipulation">
      <UniqueIdentifier>{0a81c056-7c66-456a-9a14-dd49b0b0d1d3}</UniqueIdentifier>
    </Filter>
    <Filter Include="Source Files\Character\CharacterManipulation\CharacterManipulationStore">
      <UniqueIdentifier>{aec276c7-269c-4420-b316-b0592b217c69}</UniqueIdentifier>
    </Filter>
    <Filter Include="Source Files\Character\Base Class">
      <UniqueIdentifier>{f3c9840d-9993-4749-bb31-9f58819183da}</UniqueIdentifier>
    </Filter>
    <Filter Include="Source Files\Character\Derived Class">
      <UniqueIdentifier>{c34e0074-091c-418f-9fac-c188973bebc0}</UniqueIdentifier>
    </Filter>
    <Filter Include="Header Files\Character">
      <UniqueIdentifier>{7cdbf2c6-7b48-4388-a40a-5b2ac162a0dc}</UniqueIdentifier>
    </Filter>
    <Filter Include="Header Files\Character\CharacterManipulation">
      <UniqueIdentifier>{8fd05183-b3db-460e-b36b-faccac577733}</UniqueIdentifier>
    </Filter>
    <Filter Include="Header Files\Character\CharacterManipulation\CharacterManipulationStore">
      <UniqueIdentifier>{adb315a1-61d5-4640-bada-3cb659135641}</UniqueIdentifier>
    </Filter>
    <Filter Include="Header Files\Character\Base Class">
      <UniqueIdentifier>{f5958a48-6b4c-4371-89d0-f1aa38d70b04}</UniqueIdentifier>
    </Filter>
    <Filter Include="Header Files\Character\Derived Class">
      <UniqueIdentifier>{b9f557d4-bd45-4259-bf89-f02e05e985eb}</UniqueIdentifier>
    </Filter>
    <Filter Include="Source Files\Cutscene">
      <UniqueIdentifier>{1563990d-798a-4f05-8123-265379804e90}</UniqueIdentifier>
    </Filter>
    <Filter Include="Header Files\Cutscene">
      <UniqueIdentifier>{1c0b91f4-29fb-4166-a93b-c99c6ec7cd45}</UniqueIdentifier>
    </Filter>
    <Filter Include="Source Files\Scenery">
      <UniqueIdentifier>{361172b0-577c-448f-bd17-1f45ccb42942}</UniqueIdentifier>
    </Filter>
    <Filter Include="Source Files\Tangible">
      <UniqueIdentifier>{dcbb5744-3cb5-47bb-bf79-5957e253439c}</UniqueIdentifier>
    </Filter>
    <Filter Include="Source Files\Cursor">
      <UniqueIdentifier>{2c00c58c-39ff-42c2-9382-1ab44a5baf40}</UniqueIdentifier>
    </Filter>
    <Filter Include="Header Files\Cursor">
      <UniqueIdentifier>{99a1b4dc-7693-46e7-bf73-fdb66f6e19aa}</UniqueIdentifier>
    </Filter>
    <Filter Include="Header Files\Character\Stats">
      <UniqueIdentifier>{ae5d5e5c-9125-4a7f-8556-ac50d4149e8e}</UniqueIdentifier>
    </Filter>
    <Filter Include="Header Files\Scenery">
      <UniqueIdentifier>{a60268b4-32ff-48d8-a38b-544bad140b6f}</UniqueIdentifier>
    </Filter>
    <Filter Include="Header Files\Tangible">
      <UniqueIdentifier>{a67d90d3-3ceb-45fe-8d2e-3ec099bd0479}</UniqueIdentifier>
    </Filter>
    <Filter Include="Source Files\Character\Stats">
      <UniqueIdentifier>{6a165bd6-cbff-4998-87d3-e9d3b511fd36}</UniqueIdentifier>
    </Filter>
    <Filter Include="Source Files\Character\CharacterManipulation\Base Class">
      <UniqueIdentifier>{1339e876-e409-4fd3-9a56-a297b2c8e926}</UniqueIdentifier>
    </Filter>
    <Filter Include="Source Files\Character\CharacterManipulation\Derived Class">
      <UniqueIdentifier>{5664d930-7481-4a29-bce5-e2b37a69a746}</UniqueIdentifier>
    </Filter>
    <Filter Include="Header Files\Character\CharacterManipulation\Derived Class">
      <UniqueIdentifier>{fb4c9da0-1099-4e83-bd35-319c3ed320be}</UniqueIdentifier>
    </Filter>
    <Filter Include="Header Files\Character\CharacterManipulation\Base Class">
      <UniqueIdentifier>{64a7a777-9edf-4c40-8345-fddb0f177e6e}</UniqueIdentifier>
    </Filter>
    <Filter Include="Header Files\Character\AI">
      <UniqueIdentifier>{0bce7d02-b5f9-443e-82b2-379af34e5889}</UniqueIdentifier>
    </Filter>
    <Filter Include="Header Files\Character\AI\Base Class">
      <UniqueIdentifier>{915ffdf9-86f0-4dcf-8866-26bed35b3eb0}</UniqueIdentifier>
    </Filter>
    <Filter Include="Header Files\Character\AI\Derived Class">
      <UniqueIdentifier>{a69d54ea-e1cb-496a-b840-8a2abccfc688}</UniqueIdentifier>
    </Filter>
    <Filter Include="Source Files\Character\AI">
      <UniqueIdentifier>{c194f4ac-812c-4165-862e-4b68d23b2d2b}</UniqueIdentifier>
    </Filter>
    <Filter Include="Source Files\Character\AI\Base Class">
      <UniqueIdentifier>{a1f52918-9532-4d11-a7b1-d449e8aa6ff0}</UniqueIdentifier>
    </Filter>
    <Filter Include="Source Files\Character\AI\Derived Class">
      <UniqueIdentifier>{8f32578e-46d3-47cb-9834-080a961ad14b}</UniqueIdentifier>
    </Filter>
    <Filter Include="Source Files\TextBox\Derived Class">
      <UniqueIdentifier>{f463e418-01da-489b-9d10-b077b16b1aa7}</UniqueIdentifier>
    </Filter>
    <Filter Include="Source Files\TextBox\Base Class">
      <UniqueIdentifier>{27e7bfce-d0fb-4c47-a5cf-2ede666576ff}</UniqueIdentifier>
    </Filter>
    <Filter Include="Header Files\TextBox\Derived Class">
      <UniqueIdentifier>{3c661670-12cd-44e3-866b-a1820e39f2a8}</UniqueIdentifier>
    </Filter>
    <Filter Include="Header Files\TextBox\Base Class">
      <UniqueIdentifier>{95ceadb7-cd77-4d63-b513-d0c5dbffee43}</UniqueIdentifier>
    </Filter>
    <Filter Include="Source Files\Battle\TurnTimer">
      <UniqueIdentifier>{288ca775-13ea-4cbb-b414-bc3fd81b6d36}</UniqueIdentifier>
    </Filter>
    <Filter Include="Source Files\Battle\TurnTimer\Derived Class">
      <UniqueIdentifier>{fd833bcf-6de1-450c-b2e5-27193726e38b}</UniqueIdentifier>
    </Filter>
    <Filter Include="Source Files\Battle\TurnTimer\Base Class">
      <UniqueIdentifier>{675b5491-27d9-4a6e-ab64-656ec2056b6d}</UniqueIdentifier>
    </Filter>
    <Filter Include="Header Files\Manager">
      <UniqueIdentifier>{5cde6395-3e2e-4c4b-b1f1-9858cb296aa5}</UniqueIdentifier>
    </Filter>
    <Filter Include="Header Files\Manager\Base Class">
      <UniqueIdentifier>{24ce190f-ee57-46c0-9265-de13ae64e5f3}</UniqueIdentifier>
    </Filter>
    <Filter Include="Header Files\Manager\Derived Class">
      <UniqueIdentifier>{b081d3c4-ceaf-42c8-8056-a67536a73599}</UniqueIdentifier>
    </Filter>
    <Filter Include="Source Files\Manager">
      <UniqueIdentifier>{c24f8ed5-afa3-4011-953c-e1de1222dd1b}</UniqueIdentifier>
    </Filter>
    <Filter Include="Source Files\Manager\Base Class">
      <UniqueIdentifier>{8d3bb1b9-473f-481d-93ee-b1bd51075e93}</UniqueIdentifier>
    </Filter>
    <Filter Include="Source Files\Manager\Derived Class">
      <UniqueIdentifier>{1227e1ac-0456-4efa-8859-a637c6ba9821}</UniqueIdentifier>
    </Filter>
    <Filter Include="Header Files\Animation\Derived Class">
      <UniqueIdentifier>{21ce656a-8b79-4103-a25e-2d3c834e00bb}</UniqueIdentifier>
    </Filter>
    <Filter Include="Header Files\Animation\Base Class">
      <UniqueIdentifier>{77134c8a-f038-43a4-9881-7f673a4bce59}</UniqueIdentifier>
    </Filter>
    <Filter Include="Source Files\Animation\Derived Class">
      <UniqueIdentifier>{4358334f-2016-40ba-8734-16be237d1b0f}</UniqueIdentifier>
    </Filter>
    <Filter Include="Source Files\Animation\Base Class">
      <UniqueIdentifier>{908e79d2-d322-4919-86e7-fe29bbff87dc}</UniqueIdentifier>
    </Filter>
    <Filter Include="Header Files\Event">
      <UniqueIdentifier>{92aaa502-8f8e-4612-ac3f-c22c716309d1}</UniqueIdentifier>
    </Filter>
    <Filter Include="Header Files\Event\Base Class">
      <UniqueIdentifier>{be5e67ad-2e4c-4528-b8c5-43fba73d0a44}</UniqueIdentifier>
    </Filter>
    <Filter Include="Header Files\Event\Derived Class">
      <UniqueIdentifier>{0ecd901b-22b1-4dcc-a157-1e0d8693963d}</UniqueIdentifier>
    </Filter>
    <Filter Include="Source Files\Event">
      <UniqueIdentifier>{cb16a47f-f621-40f1-9edf-0c0c47380ad5}</UniqueIdentifier>
    </Filter>
    <Filter Include="Source Files\Event\Base Class">
      <UniqueIdentifier>{ed765b99-dec5-4d01-80f9-8f1bd32db792}</UniqueIdentifier>
    </Filter>
    <Filter Include="Source Files\Event\Derived Class">
      <UniqueIdentifier>{9ec6b890-aa00-42eb-a45f-bc3ee1f9f102}</UniqueIdentifier>
    </Filter>
    <Filter Include="Header Files\Character\Stats\Derived Class">
      <UniqueIdentifier>{6e2f23ca-cc55-4dfc-8764-cd06ea78ba9c}</UniqueIdentifier>
    </Filter>
    <Filter Include="Header Files\Character\Stats\Base Class">
      <UniqueIdentifier>{1c16c4fd-d3da-4797-a26f-1ce9d3a9a5f4}</UniqueIdentifier>
    </Filter>
    <Filter Include="Source Files\Character\Stats\Base Class">
      <UniqueIdentifier>{9a7add79-0cb4-4f5c-9e71-973ce1591d0a}</UniqueIdentifier>
    </Filter>
    <Filter Include="Source Files\Character\Stats\Derived Class">
      <UniqueIdentifier>{53528d19-3d42-43ca-9d5c-1c6d5d242b3f}</UniqueIdentifier>
    </Filter>
    <Filter Include="Source Files\Cutscene\Base Class">
      <UniqueIdentifier>{cc621123-3d6b-4a5c-8e69-672c4fd2d271}</UniqueIdentifier>
    </Filter>
    <Filter Include="Source Files\Cutscene\Derived Class">
      <UniqueIdentifier>{ce8cdd5a-e396-4fae-b598-09068e932508}</UniqueIdentifier>
    </Filter>
    <Filter Include="Header Files\Cutscene\Base Class">
      <UniqueIdentifier>{2cb6835f-cf59-4456-9e86-92992310ac0a}</UniqueIdentifier>
    </Filter>
    <Filter Include="Header Files\Cutscene\Derived Class">
      <UniqueIdentifier>{869b7b59-2859-4451-8db7-2937692dbdf2}</UniqueIdentifier>
    </Filter>
    <Filter Include="Source Files\TreasureBox">
      <UniqueIdentifier>{9288e5be-55e7-4941-9429-c09e8334d5aa}</UniqueIdentifier>
    </Filter>
    <Filter Include="Source Files\TreasureBox\Reward">
      <UniqueIdentifier>{85a28d87-e965-4c9d-aa27-f0e3e19fe0dc}</UniqueIdentifier>
    </Filter>
    <Filter Include="Source Files\TreasureBox\Reward\Base Class">
      <UniqueIdentifier>{113ef3b9-5aca-4315-b824-2d2028a8c65a}</UniqueIdentifier>
    </Filter>
    <Filter Include="Source Files\TreasureBox\Reward\Derived Class">
      <UniqueIdentifier>{48e2ed4f-d98c-411f-8712-1ef6d21d45ec}</UniqueIdentifier>
    </Filter>
    <Filter Include="Header Files\TreasureBox">
      <UniqueIdentifier>{ffe06e5d-7d7b-45b4-9640-295a48b77275}</UniqueIdentifier>
    </Filter>
    <Filter Include="Header Files\TreasureBox\Reward">
      <UniqueIdentifier>{a645751c-ce65-4616-98a8-07135bf1cd6b}</UniqueIdentifier>
    </Filter>
    <Filter Include="Header Files\TreasureBox\Reward\Base Class">
      <UniqueIdentifier>{d4c1d848-e928-4061-9c03-24e48dc7b5d7}</UniqueIdentifier>
    </Filter>
    <Filter Include="Header Files\TreasureBox\Reward\Derived Class">
      <UniqueIdentifier>{7eaf1068-497d-4939-b521-39092d41bd19}</UniqueIdentifier>
    </Filter>
    <Filter Include="Header Files\Character\Stats\CharacterValuesTable">
      <UniqueIdentifier>{08ca119d-a3b1-470a-89fe-859a22cf5893}</UniqueIdentifier>
    </Filter>
    <Filter Include="Header Files\Character\Stats\CharacterValuesTable\Base Class">
      <UniqueIdentifier>{32589580-72be-4fe2-94c5-8cdae9d2a837}</UniqueIdentifier>
    </Filter>
    <Filter Include="Source Files\Character\Stats\CharacterValuesTable">
      <UniqueIdentifier>{22ff3549-8918-46bf-b4e2-7ba9e89f594b}</UniqueIdentifier>
    </Filter>
    <Filter Include="Source Files\Character\Stats\CharacterValuesTable\Derived Class">
      <UniqueIdentifier>{732d2c21-24aa-4721-bf71-b597f32144a8}</UniqueIdentifier>
    </Filter>
    <Filter Include="Header Files\Character\Stats\CharacterValuesTable\Derived Class">
      <UniqueIdentifier>{1bbc7d6c-fc0e-4a2c-b060-07d79abcbd08}</UniqueIdentifier>
    </Filter>
    <Filter Include="Source Files\Character\Stats\CharacterValuesTable\Base Class">
      <UniqueIdentifier>{794028a0-214f-4849-9731-64293df8f80c}</UniqueIdentifier>
    </Filter>
    <Filter Include="Header Files\Backpack">
      <UniqueIdentifier>{05ef9c02-bc8b-4c59-af10-a605a4cc6781}</UniqueIdentifier>
    </Filter>
    <Filter Include="Header Files\Backpack\I_InventoryItem">
      <UniqueIdentifier>{27d8f3a8-5a82-4408-b0bc-abd640a9c2bc}</UniqueIdentifier>
    </Filter>
    <Filter Include="Source Files\Backpack">
      <UniqueIdentifier>{32225126-702a-4f05-89cf-a2387f6ee80e}</UniqueIdentifier>
    </Filter>
    <Filter Include="Source Files\Backpack\I_InventoryItem">
      <UniqueIdentifier>{e5cd0192-ab2c-45e8-850b-90d3d06e92b3}</UniqueIdentifier>
    </Filter>
    <Filter Include="Source Files\Backpack\I_InventoryItem\Base Class">
      <UniqueIdentifier>{36941af0-6d62-456d-b1f7-3d237d69f1d6}</UniqueIdentifier>
    </Filter>
    <Filter Include="Source Files\Backpack\I_InventoryItem\Derived Class">
      <UniqueIdentifier>{ac3be31b-c256-47ad-a2a5-67bc956d4272}</UniqueIdentifier>
    </Filter>
    <Filter Include="Header Files\Backpack\I_InventoryItem\Base Class">
      <UniqueIdentifier>{59506318-a39c-4e3b-bc03-8d41b8d481b9}</UniqueIdentifier>
    </Filter>
    <Filter Include="Header Files\Backpack\I_InventoryItem\Derived Class">
      <UniqueIdentifier>{2201bbfa-e9cb-407b-9c64-e362716ab8b3}</UniqueIdentifier>
    </Filter>
    <Filter Include="Header Files\PlayerEntity">
      <UniqueIdentifier>{bc03bf40-3971-4bfd-9c36-9340e25c50ec}</UniqueIdentifier>
    </Filter>
    <Filter Include="Source Files\PlayerEntity">
      <UniqueIdentifier>{95ffc779-2d63-4e26-bd87-7bf8d79c5635}</UniqueIdentifier>
    </Filter>
    <Filter Include="Source Files\Map\AreaMap">
      <UniqueIdentifier>{219c22ff-4183-49e6-a935-18bc8f2ed8f0}</UniqueIdentifier>
    </Filter>
    <Filter Include="Source Files\Map\AreaMap\Base Class">
      <UniqueIdentifier>{57bdbb75-7b6f-49e2-9016-f7e95a912c59}</UniqueIdentifier>
    </Filter>
    <Filter Include="Source Files\Map\AreaMap\Derived Class">
      <UniqueIdentifier>{4ae0275a-2d7c-4df7-a82f-b35ce7e863f3}</UniqueIdentifier>
    </Filter>
    <Filter Include="Header Files\Map\AreaMap">
      <UniqueIdentifier>{bd7c3872-29e6-4515-b181-4824a6c51acb}</UniqueIdentifier>
    </Filter>
    <Filter Include="Header Files\Map\AreaMap\Base Class">
      <UniqueIdentifier>{c511e5e1-4274-4abe-b432-4b9c9b0d7f38}</UniqueIdentifier>
    </Filter>
    <Filter Include="Header Files\Map\AreaMap\Derived Class">
      <UniqueIdentifier>{cf89af8c-b621-4a54-8979-7957c21e3e1e}</UniqueIdentifier>
    </Filter>
    <Filter Include="Source Files\Scenery\Base Class">
      <UniqueIdentifier>{9d821935-32f5-4bec-aad4-30c1ddb307b0}</UniqueIdentifier>
    </Filter>
    <Filter Include="Source Files\Scenery\Derived Class">
      <UniqueIdentifier>{58795a1b-9fff-41e7-ad13-d6e3a8770a1e}</UniqueIdentifier>
    </Filter>
    <Filter Include="Header Files\Scenery\Base Class">
      <UniqueIdentifier>{1f822ec3-536f-4706-a1d0-c23e7e7bc20e}</UniqueIdentifier>
    </Filter>
    <Filter Include="Header Files\Scenery\Derived Class">
      <UniqueIdentifier>{48bdc925-18cb-4455-915e-9de6392bf892}</UniqueIdentifier>
    </Filter>
    <Filter Include="Header Files\Map\AreaMap\Exit Loaders">
      <UniqueIdentifier>{313261aa-b5a7-4565-aefb-f11172eed4c8}</UniqueIdentifier>
    </Filter>
    <Filter Include="Source Files\Map\AreaMap\Exit Loaders">
      <UniqueIdentifier>{7dd8e865-6f66-4fae-ad68-d085d86794c0}</UniqueIdentifier>
    </Filter>
    <Filter Include="Header Files\Tangible\Base Class">
      <UniqueIdentifier>{cbd0be91-9404-473e-b7a9-57ff6c3f360d}</UniqueIdentifier>
    </Filter>
    <Filter Include="Header Files\Tangible\Derived Class">
      <UniqueIdentifier>{f127d104-0659-4705-b6ce-168cff8730d8}</UniqueIdentifier>
    </Filter>
    <Filter Include="Source Files\Tangible\Base Class">
      <UniqueIdentifier>{005ae089-a36a-480e-a078-924094335805}</UniqueIdentifier>
    </Filter>
    <Filter Include="Source Files\Tangible\Derived Class">
      <UniqueIdentifier>{5bb87f28-6462-4b16-83d8-8523ce12362c}</UniqueIdentifier>
    </Filter>
  </ItemGroup>
  <ItemGroup>
    <ClCompile Include="main.cpp">
      <Filter>Source Files</Filter>
    </ClCompile>
    <ClCompile Include="ImageStore.cpp">
      <Filter>Source Files\Images</Filter>
    </ClCompile>
    <ClCompile Include="Collision.cpp">
      <Filter>Source Files\Utilities</Filter>
    </ClCompile>
    <ClCompile Include="Controls.cpp">
      <Filter>Source Files\Utilities</Filter>
    </ClCompile>
    <ClCompile Include="CharacterManipulation.cpp">
      <Filter>Source Files\Character\CharacterManipulation\Base Class</Filter>
    </ClCompile>
    <ClCompile Include="CharacterAttack.cpp">
      <Filter>Source Files\Character\CharacterManipulation\Derived Class</Filter>
    </ClCompile>
    <ClCompile Include="CharacterManipulationStore.cpp">
      <Filter>Source Files\Character\CharacterManipulation\CharacterManipulationStore</Filter>
    </ClCompile>
    <ClCompile Include="Map.cpp">
      <Filter>Source Files\Map</Filter>
    </ClCompile>
    <ClCompile Include="MovingImage.cpp">
      <Filter>Source Files\Animation\Derived Class</Filter>
    </ClCompile>
    <ClCompile Include="MovingText.cpp">
      <Filter>Source Files\Animation\Derived Class</Filter>
    </ClCompile>
    <ClCompile Include="Menu.cpp">
      <Filter>Source Files\TextBox\Derived Class</Filter>
    </ClCompile>
    <ClCompile Include="FontStore.cpp">
      <Filter>Source Files\FontStore</Filter>
    </ClCompile>
    <ClCompile Include="TransferAnimations.cpp">
      <Filter>Source Files\Utilities</Filter>
    </ClCompile>
    <ClCompile Include="Draw.cpp">
      <Filter>Source Files\DrawToScreen</Filter>
    </ClCompile>
    <ClCompile Include="DrawRespository.cpp">
      <Filter>Source Files\DrawToScreen</Filter>
    </ClCompile>
    <ClCompile Include="ThrowRock.cpp">
      <Filter>Source Files\Character\CharacterManipulation\Derived Class</Filter>
    </ClCompile>
    <ClCompile Include="TurnTimer.cpp">
      <Filter>Source Files\Battle\TurnTimer\Base Class</Filter>
    </ClCompile>
    <ClCompile Include="InitEnemies.cpp">
      <Filter>Source Files\Battle</Filter>
    </ClCompile>
    <ClCompile Include="CharacterTimer.cpp">
      <Filter>Source Files\Battle\TurnTimer\Derived Class</Filter>
    </ClCompile>
    <ClCompile Include="CharacterList.cpp">
      <Filter>Source Files\List\Derived Class</Filter>
    </ClCompile>
    <ClCompile Include="TurnTimerList.cpp">
      <Filter>Source Files\List\Derived Class</Filter>
    </ClCompile>
    <ClCompile Include="I_Creature.cpp">
      <Filter>Source Files\Character\Base Class</Filter>
    </ClCompile>
    <ClCompile Include="I_List.cpp">
      <Filter>Source Files\List\Base Class</Filter>
    </ClCompile>
    <ClCompile Include="Layer.cpp">
      <Filter>Source Files\Map</Filter>
    </ClCompile>
    <ClCompile Include="Movement.cpp">
      <Filter>Source Files\Map</Filter>
    </ClCompile>
    <ClCompile Include="Cursor.cpp">
      <Filter>Source Files\Cursor</Filter>
    </ClCompile>
    <ClCompile Include="Character.cpp">
      <Filter>Source Files\Character\Derived Class</Filter>
    </ClCompile>
    <ClCompile Include="Fire1.cpp">
      <Filter>Source Files\Character\CharacterManipulation\Derived Class</Filter>
    </ClCompile>
    <ClCompile Include="Fire2.cpp">
      <Filter>Source Files\Character\CharacterManipulation\Derived Class</Filter>
    </ClCompile>
    <ClCompile Include="Fire3.cpp">
      <Filter>Source Files\Character\CharacterManipulation\Derived Class</Filter>
    </ClCompile>
    <ClCompile Include="I_AI.cpp">
      <Filter>Source Files\Character\AI\Base Class</Filter>
    </ClCompile>
    <ClCompile Include="ratAI.cpp">
      <Filter>Source Files\Character\AI\Derived Class</Filter>
    </ClCompile>
    <ClCompile Include="InitPlayers.cpp">
      <Filter>Source Files\Battle</Filter>
    </ClCompile>
    <ClCompile Include="I_Manager.cpp">
      <Filter>Source Files\Manager\Base Class</Filter>
    </ClCompile>
    <ClCompile Include="GameManager.cpp">
      <Filter>Source Files\Manager\Derived Class</Filter>
    </ClCompile>
    <ClCompile Include="BattleManager.cpp">
      <Filter>Source Files\Manager\Derived Class</Filter>
    </ClCompile>
    <ClCompile Include="I_InfoBox.cpp">
      <Filter>Source Files\TextBox\Base Class</Filter>
    </ClCompile>
    <ClCompile Include="TextBox.cpp">
      <Filter>Source Files\TextBox\Derived Class</Filter>
    </ClCompile>
    <ClCompile Include="MenuList.cpp">
      <Filter>Source Files\List\Derived Class</Filter>
    </ClCompile>
    <ClCompile Include="SetTurnTimerListToCharacterList.cpp">
      <Filter>Source Files\List</Filter>
    </ClCompile>
    <ClCompile Include="SetMenuListToCharacterList.cpp">
      <Filter>Source Files\List</Filter>
    </ClCompile>
    <ClCompile Include="PauseBattle.cpp">
      <Filter>Source Files\Animation\Derived Class</Filter>
    </ClCompile>
    <ClCompile Include="UnPauseBattle.cpp">
      <Filter>Source Files\Animation\Derived Class</Filter>
    </ClCompile>
    <ClCompile Include="I_Event.cpp">
      <Filter>Source Files\Event\Base Class</Filter>
    </ClCompile>
    <ClCompile Include="EnemyTurn.cpp">
      <Filter>Source Files\Event\Derived Class</Filter>
    </ClCompile>
    <ClCompile Include="PlayerTurn.cpp">
      <Filter>Source Files\Event\Derived Class</Filter>
    </ClCompile>
    <ClCompile Include="ResetTurnTimer.cpp">
      <Filter>Source Files\Event\Derived Class</Filter>
    </ClCompile>
    <ClCompile Include="LoadAMenu.cpp">
      <Filter>Source Files\Event\Derived Class</Filter>
    </ClCompile>
    <ClCompile Include="ProcessAI.cpp">
      <Filter>Source Files\Event\Derived Class</Filter>
    </ClCompile>
    <ClCompile Include="Cutscene.cpp">
      <Filter>Source Files\Cutscene\Base Class</Filter>
    </ClCompile>
    <ClCompile Include="BattleLoss.cpp">
      <Filter>Source Files\Cutscene\Derived Class</Filter>
    </ClCompile>
    <ClCompile Include="Stats.cpp">
      <Filter>Source Files\Character\Stats\Base Class</Filter>
    </ClCompile>
    <ClCompile Include="CharStats.cpp">
      <Filter>Source Files\Character\Stats\Derived Class</Filter>
    </ClCompile>
    <ClCompile Include="CheckForDeadEnemy.cpp">
      <Filter>Source Files\Event\Derived Class</Filter>
    </ClCompile>
    <ClCompile Include="CheckForDeadPlayer.cpp">
      <Filter>Source Files\Event\Derived Class</Filter>
    </ClCompile>
    <ClCompile Include="TreasureBox.cpp">
      <Filter>Source Files\TreasureBox</Filter>
    </ClCompile>
    <ClCompile Include="I_Reward.cpp">
      <Filter>Source Files\TreasureBox\Reward\Base Class</Filter>
    </ClCompile>
    <ClCompile Include="GainedExperiencePoints.cpp">
      <Filter>Source Files\TreasureBox\Reward\Derived Class</Filter>
    </ClCompile>
    <ClCompile Include="XPToLevel.cpp">
      <Filter>Source Files\Character\Stats\CharacterValuesTable\Derived Class</Filter>
    </ClCompile>
    <ClCompile Include="I_CharacterValuesList.cpp">
      <Filter>Source Files\Character\Stats\CharacterValuesTable\Base Class</Filter>
    </ClCompile>
    <ClCompile Include="GainedMoney.cpp">
      <Filter>Source Files\TreasureBox\Reward\Derived Class</Filter>
    </ClCompile>
    <ClCompile Include="I_InventoryItem.cpp">
      <Filter>Source Files\Backpack\I_InventoryItem\Base Class</Filter>
    </ClCompile>
    <ClCompile Include="Backpack.cpp">
      <Filter>Source Files\Backpack\I_InventoryItem</Filter>
    </ClCompile>
    <ClCompile Include="HealingItem.cpp">
      <Filter>Source Files\Backpack\I_InventoryItem\Derived Class</Filter>
    </ClCompile>
    <ClCompile Include="PlayerEntity.cpp">
      <Filter>Source Files\PlayerEntity</Filter>
    </ClCompile>
    <ClCompile Include="CalculateRewards.cpp">
      <Filter>Source Files\TreasureBox</Filter>
    </ClCompile>
    <ClCompile Include="GainedItem.cpp">
      <Filter>Source Files\TreasureBox\Reward\Derived Class</Filter>
    </ClCompile>
    <ClCompile Include="FloatingText.cpp">
      <Filter>Source Files\TextBox\Derived Class</Filter>
    </ClCompile>
    <ClCompile Include="FloatingTextList.cpp">
      <Filter>Source Files\List\Derived Class</Filter>
    </ClCompile>
    <ClCompile Include="SetFloatingTextListToCharacterList.cpp">
      <Filter>Source Files\List</Filter>
    </ClCompile>
    <ClCompile Include="UpdatePlayersHP.cpp">
      <Filter>Source Files\Event\Derived Class</Filter>
    </ClCompile>
    <ClCompile Include="MovingCreature.cpp">
      <Filter>Source Files\Animation\Derived Class</Filter>
    </ClCompile>
    <ClCompile Include="ChangeCreatureImage.cpp">
      <Filter>Source Files\Animation\Derived Class</Filter>
    </ClCompile>
    <ClCompile Include="SetCreatureFacingDirection.cpp">
      <Filter>Source Files\Animation\Derived Class</Filter>
    </ClCompile>
    <ClCompile Include="DelayInSeconds.cpp">
      <Filter>Source Files\Animation\Derived Class</Filter>
    </ClCompile>
    <ClCompile Include="Jump.cpp">
      <Filter>Source Files\Character\CharacterManipulation\Derived Class</Filter>
    </ClCompile>
    <ClCompile Include="I_Animation.cpp">
      <Filter>Source Files\Animation\Base Class</Filter>
    </ClCompile>
    <ClCompile Include="Backstab.cpp">
      <Filter>Source Files\Character\CharacterManipulation\Derived Class</Filter>
    </ClCompile>
    <ClCompile Include="ShieldBash.cpp">
      <Filter>Source Files\Character\CharacterManipulation\Derived Class</Filter>
    </ClCompile>
    <ClCompile Include="Recover.cpp">
      <Filter>Source Files\Character\CharacterManipulation\Derived Class</Filter>
    </ClCompile>
    <ClCompile Include="Potion.cpp">
      <Filter>Source Files\Character\CharacterManipulation\Derived Class</Filter>
    </ClCompile>
    <ClCompile Include="BattleVictory.cpp">
      <Filter>Source Files\Cutscene\Derived Class</Filter>
    </ClCompile>
    <ClCompile Include="Intro.cpp">
      <Filter>Source Files\Cutscene\Derived Class</Filter>
    </ClCompile>
    <ClCompile Include="Instruct.cpp">
      <Filter>Source Files\Cutscene\Derived Class</Filter>
    </ClCompile>
    <ClCompile Include="BattleTrans.cpp">
      <Filter>Source Files\Cutscene\Derived Class</Filter>
    </ClCompile>
    <ClCompile Include="AreaMap.cpp">
      <Filter>Source Files\Map\AreaMap\Base Class</Filter>
    </ClCompile>
    <ClCompile Include="HomeTown.cpp">
      <Filter>Source Files\Map\AreaMap\Derived Class</Filter>
    </ClCompile>
    <ClCompile Include="HomeTownShop.cpp">
      <Filter>Source Files\Map\AreaMap\Derived Class</Filter>
    </ClCompile>
    <ClCompile Include="NorthernSnow.cpp">
      <Filter>Source Files\Map\AreaMap\Derived Class</Filter>
    </ClCompile>
    <ClCompile Include="BattleTransitionScreen.cpp">
      <Filter>Source Files\Map\AreaMap\Derived Class</Filter>
    </ClCompile>
    <ClCompile Include="Scenery.cpp">
      <Filter>Source Files\Scenery\Base Class</Filter>
    </ClCompile>
    <ClCompile Include="WesternDesert.cpp">
      <Filter>Source Files\Map\AreaMap\Derived Class</Filter>
    </ClCompile>
    <ClCompile Include="LoadExitsForHomeTown.cpp">
      <Filter>Source Files\Map\AreaMap\Exit Loaders</Filter>
    </ClCompile>
    <ClCompile Include="LoadExitsForWesternDesert.cpp">
      <Filter>Source Files\Map\AreaMap\Exit Loaders</Filter>
    </ClCompile>
    <ClCompile Include="LoadExitsForHomeTownShop.cpp">
      <Filter>Source Files\Map\AreaMap\Exit Loaders</Filter>
    </ClCompile>
    <ClCompile Include="LoadExitsForNothernSnow.cpp">
      <Filter>Source Files\Map\AreaMap\Exit Loaders</Filter>
    </ClCompile>
    <ClCompile Include="SouthernForest.cpp">
      <Filter>Source Files\Map\AreaMap\Derived Class</Filter>
    </ClCompile>
    <ClCompile Include="LoadExitsForSouthernForest.cpp">
      <Filter>Source Files\Map\AreaMap\Exit Loaders</Filter>
    </ClCompile>
    <ClCompile Include="EasternCastle.cpp">
      <Filter>Source Files\Map\AreaMap\Derived Class</Filter>
    </ClCompile>
    <ClCompile Include="LoadExitsForEasternCastle.cpp">
      <Filter>Source Files\Map\AreaMap\Exit Loaders</Filter>
    </ClCompile>
    <ClCompile Include="PulsingImage.cpp">
      <Filter>Source Files\Scenery\Derived Class</Filter>
    </ClCompile>
    <ClCompile Include="FallingImage.cpp">
      <Filter>Source Files\Scenery\Derived Class</Filter>
    </ClCompile>
    <ClCompile Include="FilterImage.cpp">
      <Filter>Source Files\Scenery\Derived Class</Filter>
    </ClCompile>
    <ClCompile Include="FlashingImage.cpp">
      <Filter>Source Files\Scenery\Derived Class</Filter>
    </ClCompile>
    <ClCompile Include="Lightning.cpp">
      <Filter>Source Files\Scenery\Derived Class</Filter>
    </ClCompile>
    <ClCompile Include="Rain.cpp">
      <Filter>Source Files\Scenery\Derived Class</Filter>
    </ClCompile>
    <ClCompile Include="Tangible.cpp">
      <Filter>Source Files\Tangible\Base Class</Filter>
    </ClCompile>
    <ClCompile Include="NPCWithDialogue.cpp">
      <Filter>Source Files\Tangible\Derived Class</Filter>
    </ClCompile>
    <ClCompile Include="PixelConversion.cpp">
      <Filter>Source Files\Utilities</Filter>
    </ClCompile>
    <ClCompile Include="NPCWithDialogueThenBattle.cpp">
      <Filter>Source Files\Tangible\Derived Class</Filter>
    </ClCompile>
    <ClCompile Include="StartBattle.cpp">
      <Filter>Source Files\Cutscene\Derived Class</Filter>
    </ClCompile>
    <ClCompile Include="Dialogue.cpp">
      <Filter>Source Files\Cutscene\Derived Class</Filter>
    </ClCompile>
    <ClCompile Include="NorthernSnowBattle.cpp">
      <Filter>Source Files\Map\AreaMap\Derived Class</Filter>
    </ClCompile>
    <ClCompile Include="SouthernForestBattle.cpp">
      <Filter>Source Files\Map\AreaMap\Derived Class</Filter>
    </ClCompile>
    <ClCompile Include="WesternDesertBattle.cpp">
      <Filter>Source Files\Map\AreaMap\Derived Class</Filter>
    </ClCompile>
    <ClCompile Include="EasternCastleBattle.cpp">
      <Filter>Source Files\Map\AreaMap\Derived Class</Filter>
    </ClCompile>
    <ClCompile Include="RightToLeftImage.cpp">
      <Filter>Source Files\Scenery\Derived Class</Filter>
    </ClCompile>
    <ClCompile Include="RemoveTangible.cpp">
      <Filter>Source Files\Cutscene\Derived Class</Filter>
    </ClCompile>
    <ClCompile Include="CustomAreaMap.cpp">
      <Filter>Source Files\Map\AreaMap\Base Class</Filter>
    </ClCompile>
  </ItemGroup>
  <ItemGroup>
    <ClInclude Include="ImageStore.h">
      <Filter>Header Files\Images</Filter>
    </ClInclude>
    <ClInclude Include="Collision.h">
      <Filter>Header Files\Utilities</Filter>
    </ClInclude>
    <ClInclude Include="Controls.h">
      <Filter>Header Files\Utilities</Filter>
    </ClInclude>
    <ClInclude Include="CharacterManipulation.h">
      <Filter>Header Files\Character\CharacterManipulation\Base Class</Filter>
    </ClInclude>
    <ClInclude Include="CharacterAttack.h">
      <Filter>Header Files\Character\CharacterManipulation\Derived Class</Filter>
    </ClInclude>
    <ClInclude Include="CharacterManipulationStore.h">
      <Filter>Header Files\Character\CharacterManipulation\CharacterManipulationStore</Filter>
    </ClInclude>
    <ClInclude Include="Map.h">
      <Filter>Header Files\Map</Filter>
    </ClInclude>
    <ClInclude Include="MovingImage.h">
      <Filter>Header Files\Animation\Derived Class</Filter>
    </ClInclude>
    <ClInclude Include="MovingText.h">
      <Filter>Header Files\Animation\Derived Class</Filter>
    </ClInclude>
    <ClInclude Include="Menu.h">
      <Filter>Header Files\TextBox\Derived Class</Filter>
    </ClInclude>
    <ClInclude Include="FontStore.h">
      <Filter>Header Files\Font</Filter>
    </ClInclude>
    <ClInclude Include="TransferAnimations.h">
      <Filter>Header Files\Utilities</Filter>
    </ClInclude>
    <ClInclude Include="Draw.h">
      <Filter>Header Files\DrawToScreen</Filter>
    </ClInclude>
    <ClInclude Include="DrawRepository.h">
      <Filter>Header Files\DrawToScreen</Filter>
    </ClInclude>
    <ClInclude Include="ThrowRock.h">
      <Filter>Header Files\Character\CharacterManipulation\Derived Class</Filter>
    </ClInclude>
    <ClInclude Include="InitEnemies.h">
      <Filter>Header Files\Battle</Filter>
    </ClInclude>
    <ClInclude Include="CharacterTimer.h">
      <Filter>Header Files\Battle\TurnTimer\Derived Class</Filter>
    </ClInclude>
    <ClInclude Include="TurnTimer.h">
      <Filter>Header Files\Battle\TurnTimer\Base Class</Filter>
    </ClInclude>
    <ClInclude Include="CharacterList.h">
      <Filter>Header Files\List\Derived Class</Filter>
    </ClInclude>
    <ClInclude Include="TurnTimerList.h">
      <Filter>Header Files\List\Derived Class</Filter>
    </ClInclude>
    <ClInclude Include="I_Creature.h">
      <Filter>Header Files\Character\Base Class</Filter>
    </ClInclude>
    <ClInclude Include="I_List.h">
      <Filter>Header Files\List\Base Class</Filter>
    </ClInclude>
    <ClInclude Include="Layer.h">
      <Filter>Header Files\Map</Filter>
    </ClInclude>
    <ClInclude Include="Movement.h">
      <Filter>Header Files\Map</Filter>
    </ClInclude>
    <ClInclude Include="Cursor.h">
      <Filter>Header Files\Cursor</Filter>
    </ClInclude>
    <ClInclude Include="Character.h">
      <Filter>Header Files\Character\Derived Class</Filter>
    </ClInclude>
    <ClInclude Include="Fire1.h">
      <Filter>Header Files\Character\CharacterManipulation\Derived Class</Filter>
    </ClInclude>
    <ClInclude Include="Fire3.h">
      <Filter>Header Files\Character\CharacterManipulation\Derived Class</Filter>
    </ClInclude>
    <ClInclude Include="Fire2.h">
      <Filter>Header Files\Character\CharacterManipulation\Derived Class</Filter>
    </ClInclude>
    <ClInclude Include="I_AI.h">
      <Filter>Header Files\Character\AI\Base Class</Filter>
    </ClInclude>
    <ClInclude Include="ratAI.h">
      <Filter>Header Files\Character\AI\Derived Class</Filter>
    </ClInclude>
    <ClInclude Include="InitPlayers.h">
      <Filter>Header Files\Battle</Filter>
    </ClInclude>
    <ClInclude Include="I_Manager.h">
      <Filter>Header Files\Manager\Base Class</Filter>
    </ClInclude>
    <ClInclude Include="GameManager.h">
      <Filter>Header Files\Manager\Derived Class</Filter>
    </ClInclude>
    <ClInclude Include="BattleManager.h">
      <Filter>Header Files\Manager\Derived Class</Filter>
    </ClInclude>
    <ClInclude Include="I_InfoBox.h">
      <Filter>Header Files\TextBox\Base Class</Filter>
    </ClInclude>
    <ClInclude Include="TextBox.h">
      <Filter>Header Files\TextBox\Derived Class</Filter>
    </ClInclude>
    <ClInclude Include="MenuList.h">
      <Filter>Header Files\List\Derived Class</Filter>
    </ClInclude>
    <ClInclude Include="SetTurnTimerListToCharacterList.h">
      <Filter>Header Files\List</Filter>
    </ClInclude>
    <ClInclude Include="SetMenuListToCharacterList.h">
      <Filter>Header Files\List</Filter>
    </ClInclude>
    <ClInclude Include="PauseBattle.h">
      <Filter>Header Files\Animation\Derived Class</Filter>
    </ClInclude>
    <ClInclude Include="UnPauseBattle.h">
      <Filter>Header Files\Animation\Derived Class</Filter>
    </ClInclude>
    <ClInclude Include="I_Event.h">
      <Filter>Header Files\Event\Base Class</Filter>
    </ClInclude>
    <ClInclude Include="EnemyTurn.h">
      <Filter>Header Files\Event\Derived Class</Filter>
    </ClInclude>
    <ClInclude Include="PlayerTurn.h">
      <Filter>Header Files\Event\Derived Class</Filter>
    </ClInclude>
    <ClInclude Include="ResetTurnTimer.h">
      <Filter>Header Files\Event\Derived Class</Filter>
    </ClInclude>
    <ClInclude Include="LoadAMenu.h">
      <Filter>Header Files\Event\Derived Class</Filter>
    </ClInclude>
    <ClInclude Include="ProcessAI.h">
      <Filter>Header Files\Event\Derived Class</Filter>
    </ClInclude>
    <ClInclude Include="Cutscene.h">
      <Filter>Header Files\Cutscene\Base Class</Filter>
    </ClInclude>
    <ClInclude Include="BattleLoss.h">
      <Filter>Header Files\Cutscene\Derived Class</Filter>
    </ClInclude>
    <ClInclude Include="Stats.h">
      <Filter>Header Files\Character\Stats\Base Class</Filter>
    </ClInclude>
    <ClInclude Include="CharStats.h">
      <Filter>Header Files\Character\Stats\Derived Class</Filter>
    </ClInclude>
    <ClInclude Include="CheckForDeadEnemy.h">
      <Filter>Header Files\Event\Derived Class</Filter>
    </ClInclude>
    <ClInclude Include="CheckForDeadPlayer.h">
      <Filter>Header Files\Event\Derived Class</Filter>
    </ClInclude>
    <ClInclude Include="TreasureBox.h">
      <Filter>Header Files\TreasureBox</Filter>
    </ClInclude>
    <ClInclude Include="I_Reward.h">
      <Filter>Header Files\TreasureBox\Reward\Base Class</Filter>
    </ClInclude>
    <ClInclude Include="GainedExperiencePoints.h">
      <Filter>Header Files\TreasureBox\Reward\Derived Class</Filter>
    </ClInclude>
    <ClInclude Include="XPToLevel.h">
      <Filter>Header Files\Character\Stats\CharacterValuesTable\Derived Class</Filter>
    </ClInclude>
    <ClInclude Include="I_CharacterValuesList.h">
      <Filter>Header Files\Character\Stats\CharacterValuesTable\Base Class</Filter>
    </ClInclude>
    <ClInclude Include="GainedMoney.h">
      <Filter>Header Files\TreasureBox\Reward\Derived Class</Filter>
    </ClInclude>
    <ClInclude Include="Backpack.h">
      <Filter>Header Files\Backpack</Filter>
    </ClInclude>
    <ClInclude Include="I_InventoryItem.h">
      <Filter>Header Files\Backpack\I_InventoryItem\Base Class</Filter>
    </ClInclude>
    <ClInclude Include="HealingItem.h">
      <Filter>Header Files\Backpack\I_InventoryItem\Derived Class</Filter>
    </ClInclude>
    <ClInclude Include="GameConfig.h">
      <Filter>Header Files\Utilities</Filter>
    </ClInclude>
    <ClInclude Include="PlayerEntity.h">
      <Filter>Header Files\PlayerEntity</Filter>
    </ClInclude>
    <ClInclude Include="GainedItem.h">
      <Filter>Header Files\TreasureBox\Reward\Derived Class</Filter>
    </ClInclude>
    <ClInclude Include="CalculateRewards.h">
      <Filter>Header Files\TreasureBox\Reward</Filter>
    </ClInclude>
    <ClInclude Include="FloatingText.h">
      <Filter>Header Files\TextBox\Derived Class</Filter>
    </ClInclude>
    <ClInclude Include="FloatingTextList.h">
      <Filter>Header Files\List\Derived Class</Filter>
    </ClInclude>
    <ClInclude Include="SetFloatingTextListToCharacterList.h">
      <Filter>Header Files\List</Filter>
    </ClInclude>
    <ClInclude Include="UpdatePlayersHP.h">
      <Filter>Header Files\Event\Derived Class</Filter>
    </ClInclude>
    <ClInclude Include="MovingCreature.h">
      <Filter>Header Files\Animation\Derived Class</Filter>
    </ClInclude>
    <ClInclude Include="ChangeCreatureImage.h">
      <Filter>Header Files\Animation\Derived Class</Filter>
    </ClInclude>
    <ClInclude Include="SetCreatureFacingDirection.h">
      <Filter>Header Files\Animation\Derived Class</Filter>
    </ClInclude>
    <ClInclude Include="DelayInSeconds.h">
      <Filter>Header Files\Animation\Derived Class</Filter>
    </ClInclude>
    <ClInclude Include="Jump.h">
      <Filter>Header Files\Character\CharacterManipulation\Derived Class</Filter>
    </ClInclude>
    <ClInclude Include="I_Animation.h">
      <Filter>Header Files\Animation\Base Class</Filter>
    </ClInclude>
    <ClInclude Include="Backstab.h">
      <Filter>Header Files\Character\CharacterManipulation\Derived Class</Filter>
    </ClInclude>
    <ClInclude Include="ShieldBash.h">
      <Filter>Header Files\Character\CharacterManipulation\Derived Class</Filter>
    </ClInclude>
    <ClInclude Include="Recover.h">
      <Filter>Header Files\Character\CharacterManipulation\Derived Class</Filter>
    </ClInclude>
    <ClInclude Include="Potion.h">
      <Filter>Header Files\Character\CharacterManipulation\Derived Class</Filter>
    </ClInclude>
    <ClInclude Include="BattleVictory.h">
      <Filter>Header Files\Cutscene\Derived Class</Filter>
    </ClInclude>
    <ClInclude Include="BattleTrans.h">
      <Filter>Header Files\Cutscene\Derived Class</Filter>
    </ClInclude>
    <ClInclude Include="Instruct.h">
      <Filter>Header Files\Cutscene\Derived Class</Filter>
    </ClInclude>
    <ClInclude Include="Intro.h">
      <Filter>Header Files\Cutscene\Derived Class</Filter>
    </ClInclude>
    <ClInclude Include="AreaMap.h">
      <Filter>Header Files\Map\AreaMap\Base Class</Filter>
    </ClInclude>
    <ClInclude Include="HomeTown.h">
      <Filter>Header Files\Map\AreaMap\Derived Class</Filter>
    </ClInclude>
    <ClInclude Include="HomeTownShop.h">
      <Filter>Header Files\Map\AreaMap\Derived Class</Filter>
    </ClInclude>
    <ClInclude Include="NorthernSnow.h">
      <Filter>Header Files\Map\AreaMap\Derived Class</Filter>
    </ClInclude>
    <ClInclude Include="BattleTransitionScreen.h">
      <Filter>Header Files\Map\AreaMap\Derived Class</Filter>
    </ClInclude>
    <ClInclude Include="Scenery.h">
      <Filter>Header Files\Scenery\Base Class</Filter>
    </ClInclude>
    <ClInclude Include="WesternDesert.h">
      <Filter>Header Files\Map\AreaMap\Derived Class</Filter>
    </ClInclude>
    <ClInclude Include="LoadExitsForHomeTown.h">
      <Filter>Header Files\Map\AreaMap\Exit Loaders</Filter>
    </ClInclude>
    <ClInclude Include="LoadExitsForWesternDesert.h">
      <Filter>Header Files\Map\AreaMap\Exit Loaders</Filter>
    </ClInclude>
    <ClInclude Include="LoadExitsForHomeTownShop.h">
      <Filter>Header Files\Map\AreaMap\Exit Loaders</Filter>
    </ClInclude>
    <ClInclude Include="LoadExitsForNorthernSnow.h">
      <Filter>Header Files\Map\AreaMap\Exit Loaders</Filter>
    </ClInclude>
    <ClInclude Include="SouthernForest.h">
      <Filter>Header Files\Map\AreaMap\Derived Class</Filter>
    </ClInclude>
    <ClInclude Include="LoadExitsForSouthernForest.h">
      <Filter>Header Files\Map\AreaMap\Exit Loaders</Filter>
    </ClInclude>
    <ClInclude Include="EasternCastle.h">
      <Filter>Header Files\Map\AreaMap\Derived Class</Filter>
    </ClInclude>
    <ClInclude Include="LoadExitsForEasternCastle.h">
      <Filter>Header Files\Map\AreaMap\Exit Loaders</Filter>
    </ClInclude>
    <ClInclude Include="PulsingImage.h">
      <Filter>Header Files\Scenery\Derived Class</Filter>
    </ClInclude>
    <ClInclude Include="FallingImage.h">
      <Filter>Header Files\Scenery\Derived Class</Filter>
    </ClInclude>
    <ClInclude Include="FilterImage.h">
      <Filter>Header Files\Scenery\Derived Class</Filter>
    </ClInclude>
    <ClInclude Include="FlashingImage.h">
      <Filter>Header Files\Scenery\Derived Class</Filter>
    </ClInclude>
    <ClInclude Include="Lightning.h">
      <Filter>Header Files\Scenery\Derived Class</Filter>
    </ClInclude>
    <ClInclude Include="Rain.h">
      <Filter>Header Files\Scenery\Derived Class</Filter>
    </ClInclude>
    <ClInclude Include="Tangible.h">
      <Filter>Header Files\Tangible\Base Class</Filter>
    </ClInclude>
    <ClInclude Include="NPCWithDialogue.h">
      <Filter>Header Files\Tangible\Derived Class</Filter>
    </ClInclude>
    <ClInclude Include="PixelConversion.h">
      <Filter>Header Files\Utilities</Filter>
    </ClInclude>
    <ClInclude Include="NPCWithDialogueThenBattle.h">
      <Filter>Header Files\Tangible\Derived Class</Filter>
    </ClInclude>
    <ClInclude Include="StartBattle.h">
      <Filter>Header Files\Cutscene\Derived Class</Filter>
    </ClInclude>
    <ClInclude Include="Dialogue.h">
      <Filter>Header Files\Cutscene\Derived Class</Filter>
    </ClInclude>
    <ClInclude Include="NorthernSnowBattle.h">
      <Filter>Header Files\Map\AreaMap\Derived Class</Filter>
    </ClInclude>
    <ClInclude Include="DUMMY.h">
      <Filter>Header Files\Map</Filter>
    </ClInclude>
    <ClInclude Include="WesternDesertBattle.h">
      <Filter>Header Files\Map\AreaMap\Derived Class</Filter>
    </ClInclude>
    <ClInclude Include="SouthernForestBattle.h">
      <Filter>Header Files\Map\AreaMap\Derived Class</Filter>
    </ClInclude>
    <ClInclude Include="EasternCastleBattle.h">
      <Filter>Header Files\Map\AreaMap\Derived Class</Filter>
    </ClInclude>
    <ClInclude Include="RightToLeftImage.h">
      <Filter>Header Files\Scenery\Derived Class</Filter>
    </ClInclude>
    <ClInclude Include="RemoveTangible.h">
      <Filter>Header Files\Cutscene\Derived Class</Filter>
    </ClInclude>
    <ClInclude Include="CustomAreaMap.h">
      <Filter>Header Files\Map\AreaMap\Base Class</Filter>
    </ClInclude>
  </ItemGroup>
</Project>