<?xml version="1.0" encoding="utf-8"?>
<Project ToolsVersion="4.0" xmlns="http://schemas.microsoft.com/developer/msbuild/2003">
  <ItemGroup>
    <Filter Include="Source Files">
      <UniqueIdentifier>{4FC737F1-C7A5-4376-A066-2A32D752A2FF}</UniqueIdentifier>
      <Extensions>cpp;c;cc;cxx;def;odl;idl;hpj;bat;asm;asmx</Extensions>
    </Filter>
    <Filter Include="Header Files">
      <UniqueIdentifier>{93995380-89BD-4b04-88EB-625FBE52EBFB}</UniqueIdentifier>
      <Extensions>h;hpp;hxx;hm;inl;inc;xsd</Extensions>
    </Filter>
    <Filter Include="Resource Files">
      <UniqueIdentifier>{67DA6AB6-F800-4c08-8B7A-83BB121AAD01}</UniqueIdentifier>
      <Extensions>rc;ico;cur;bmp;dlg;rc2;rct;bin;rgs;gif;jpg;jpeg;jpe;resx;tiff;tif;png;wav;mfcribbon-ms</Extensions>
    </Filter>
    <Filter Include="Header Files\Battle">
      <UniqueIdentifier>{1880a4a6-b98c-404c-a82e-6a8b4619e184}</UniqueIdentifier>
    </Filter>
    <Filter Include="Source Files\Battle">
      <UniqueIdentifier>{4cee629f-d3ff-4d9c-855f-f2da67ed785f}</UniqueIdentifier>
    </Filter>
    <Filter Include="Header Files\Images">
      <UniqueIdentifier>{20c398c2-294d-4d0d-a227-89d1dda12a67}</UniqueIdentifier>
    </Filter>
    <Filter Include="Source Files\Images">
      <UniqueIdentifier>{581d51ac-6654-4438-8a81-e9f5f13bc384}</UniqueIdentifier>
    </Filter>
    <Filter Include="Header Files\Utilities">
      <UniqueIdentifier>{e7e477ab-d3d8-4aff-9e08-a47fc346d5c0}</UniqueIdentifier>
    </Filter>
    <Filter Include="Source Files\Utilities">
      <UniqueIdentifier>{e3c6ae13-7507-415f-9406-2c62b6df3753}</UniqueIdentifier>
    </Filter>
    <Filter Include="Header Files\Map">
      <UniqueIdentifier>{43671170-9096-4019-8fc2-b0bb9f0fd353}</UniqueIdentifier>
    </Filter>
    <Filter Include="Source Files\Map">
      <UniqueIdentifier>{f66f3fc1-9708-4df6-af25-aa02e47c4802}</UniqueIdentifier>
    </Filter>
    <Filter Include="Header Files\Animation">
      <UniqueIdentifier>{247035fe-9b3e-402e-8eea-a589dc2ca4f4}</UniqueIdentifier>
    </Filter>
    <Filter Include="Source Files\Animation">
      <UniqueIdentifier>{77d8d180-c556-4789-a059-174b1714ec5a}</UniqueIdentifier>
    </Filter>
    <Filter Include="Header Files\Animation\SuperClass">
      <UniqueIdentifier>{77134c8a-f038-43a4-9881-7f673a4bce59}</UniqueIdentifier>
    </Filter>
    <Filter Include="Header Files\Animation\SubClass">
      <UniqueIdentifier>{21ce656a-8b79-4103-a25e-2d3c834e00bb}</UniqueIdentifier>
    </Filter>
    <Filter Include="Source Files\Animation\SuperClass">
      <UniqueIdentifier>{908e79d2-d322-4919-86e7-fe29bbff87dc}</UniqueIdentifier>
    </Filter>
    <Filter Include="Source Files\Animation\SubClass">
      <UniqueIdentifier>{4358334f-2016-40ba-8734-16be237d1b0f}</UniqueIdentifier>
    </Filter>
    <Filter Include="Header Files\TextBox">
      <UniqueIdentifier>{e18bb8e3-da9e-4ab6-9ef3-bf61e126ebee}</UniqueIdentifier>
    </Filter>
    <Filter Include="Source Files\TextBox">
      <UniqueIdentifier>{83f9cfb8-1009-467a-ae97-f324b1fb90b4}</UniqueIdentifier>
    </Filter>
    <Filter Include="Header Files\Font">
      <UniqueIdentifier>{82786b74-2a0c-400d-a6db-3f95e0df666f}</UniqueIdentifier>
    </Filter>
    <Filter Include="Source Files\FontStore">
      <UniqueIdentifier>{b554ba31-9d2a-41ca-898b-e2451fc9cc85}</UniqueIdentifier>
    </Filter>
    <Filter Include="Header Files\DrawToScreen">
      <UniqueIdentifier>{44b27c86-d4ff-46b9-9864-56379dabee26}</UniqueIdentifier>
    </Filter>
    <Filter Include="Source Files\DrawToScreen">
      <UniqueIdentifier>{e1869093-aed5-459f-817c-71459fd1393a}</UniqueIdentifier>
    </Filter>
    <Filter Include="Header Files\Battle\TurnTimer">
      <UniqueIdentifier>{ea6570d7-10c7-4735-ae5c-f4eff5f93f66}</UniqueIdentifier>
    </Filter>
    <Filter Include="Header Files\Battle\TurnTimer\TurnTimerList">
      <UniqueIdentifier>{c2e4f075-d3bb-4926-b175-6e0173495ce2}</UniqueIdentifier>
    </Filter>
    <Filter Include="Header Files\Battle\TurnTimer\Base Class">
      <UniqueIdentifier>{6f037d71-1719-4052-9f7d-bae716333bce}</UniqueIdentifier>
    </Filter>
    <Filter Include="Header Files\Battle\TurnTimer\Derived Class">
      <UniqueIdentifier>{ebb00211-9050-438e-a1c5-466f021b3c74}</UniqueIdentifier>
    </Filter>
    <Filter Include="Header Files\List">
      <UniqueIdentifier>{2d1410bf-b860-4cd0-ac3c-04d6d3e9a99d}</UniqueIdentifier>
    </Filter>
    <Filter Include="Source Files\List">
      <UniqueIdentifier>{8027d86d-0314-434a-ab05-8399f5317255}</UniqueIdentifier>
    </Filter>
    <Filter Include="Header Files\List\Derived Class">
      <UniqueIdentifier>{c4cd8285-6213-4d5d-a5c2-b6a176ec92db}</UniqueIdentifier>
    </Filter>
    <Filter Include="Header Files\List\Base Class">
      <UniqueIdentifier>{6f3f1c54-9c2b-435d-acb6-889efd2ded3d}</UniqueIdentifier>
    </Filter>
    <Filter Include="Source Files\List\Base Class">
      <UniqueIdentifier>{d7eda8f4-7551-40cb-8dfd-5243f8b9bc2e}</UniqueIdentifier>
    </Filter>
    <Filter Include="Source Files\List\Derived Class">
      <UniqueIdentifier>{32207718-334f-4be8-885e-142d20e984ab}</UniqueIdentifier>
    </Filter>
    <Filter Include="Source Files\Character">
      <UniqueIdentifier>{d1b70676-8bea-481b-acb0-0be6e2ce11e6}</UniqueIdentifier>
    </Filter>
    <Filter Include="Source Files\Character\CharacterManipulation">
      <UniqueIdentifier>{0a81c056-7c66-456a-9a14-dd49b0b0d1d3}</UniqueIdentifier>
    </Filter>
    <Filter Include="Source Files\Character\CharacterManipulation\CharacterManipulationStore">
      <UniqueIdentifier>{aec276c7-269c-4420-b316-b0592b217c69}</UniqueIdentifier>
    </Filter>
    <Filter Include="Source Files\Character\CharFactory">
      <UniqueIdentifier>{e31e149c-da7e-4e7a-aac4-a2ec10aa2e4a}</UniqueIdentifier>
    </Filter>
    <Filter Include="Source Files\Character\Base Class">
      <UniqueIdentifier>{f3c9840d-9993-4749-bb31-9f58819183da}</UniqueIdentifier>
    </Filter>
    <Filter Include="Source Files\Character\Derived Class">
      <UniqueIdentifier>{c34e0074-091c-418f-9fac-c188973bebc0}</UniqueIdentifier>
    </Filter>
    <Filter Include="Header Files\Character">
      <UniqueIdentifier>{7cdbf2c6-7b48-4388-a40a-5b2ac162a0dc}</UniqueIdentifier>
    </Filter>
    <Filter Include="Header Files\Character\CharacterManipulation">
      <UniqueIdentifier>{8fd05183-b3db-460e-b36b-faccac577733}</UniqueIdentifier>
    </Filter>
    <Filter Include="Header Files\Character\CharacterManipulation\CharacterManipulationStore">
      <UniqueIdentifier>{adb315a1-61d5-4640-bada-3cb659135641}</UniqueIdentifier>
    </Filter>
    <Filter Include="Header Files\Character\CharFactory">
      <UniqueIdentifier>{0ac95e19-bc79-4bca-8151-b9fc0c5f2512}</UniqueIdentifier>
    </Filter>
    <Filter Include="Header Files\Character\Base Class">
      <UniqueIdentifier>{f5958a48-6b4c-4371-89d0-f1aa38d70b04}</UniqueIdentifier>
    </Filter>
    <Filter Include="Header Files\Character\Derived Class">
      <UniqueIdentifier>{b9f557d4-bd45-4259-bf89-f02e05e985eb}</UniqueIdentifier>
    </Filter>
    <Filter Include="Source Files\Cutscene">
      <UniqueIdentifier>{1563990d-798a-4f05-8123-265379804e90}</UniqueIdentifier>
    </Filter>
    <Filter Include="Header Files\Cutscene">
      <UniqueIdentifier>{1c0b91f4-29fb-4166-a93b-c99c6ec7cd45}</UniqueIdentifier>
    </Filter>
    <Filter Include="Source Files\Scenery">
      <UniqueIdentifier>{361172b0-577c-448f-bd17-1f45ccb42942}</UniqueIdentifier>
    </Filter>
    <Filter Include="Source Files\Tangible">
      <UniqueIdentifier>{dcbb5744-3cb5-47bb-bf79-5957e253439c}</UniqueIdentifier>
    </Filter>
    <Filter Include="Source Files\Cursor">
      <UniqueIdentifier>{2c00c58c-39ff-42c2-9382-1ab44a5baf40}</UniqueIdentifier>
    </Filter>
    <Filter Include="Header Files\Cursor">
      <UniqueIdentifier>{99a1b4dc-7693-46e7-bf73-fdb66f6e19aa}</UniqueIdentifier>
    </Filter>
    <Filter Include="Header Files\Character\Stats">
      <UniqueIdentifier>{ae5d5e5c-9125-4a7f-8556-ac50d4149e8e}</UniqueIdentifier>
    </Filter>
    <Filter Include="Header Files\Character\Stats\SuperClass">
      <UniqueIdentifier>{6e2f23ca-cc55-4dfc-8764-cd06ea78ba9c}</UniqueIdentifier>
    </Filter>
    <Filter Include="Header Files\Character\Stats\SubClass">
      <UniqueIdentifier>{1c16c4fd-d3da-4797-a26f-1ce9d3a9a5f4}</UniqueIdentifier>
    </Filter>
    <Filter Include="Header Files\Scenery">
      <UniqueIdentifier>{a60268b4-32ff-48d8-a38b-544bad140b6f}</UniqueIdentifier>
    </Filter>
    <Filter Include="Header Files\Tangible">
      <UniqueIdentifier>{a67d90d3-3ceb-45fe-8d2e-3ec099bd0479}</UniqueIdentifier>
    </Filter>
    <Filter Include="Source Files\Character\Stats">
      <UniqueIdentifier>{6a165bd6-cbff-4998-87d3-e9d3b511fd36}</UniqueIdentifier>
    </Filter>
    <Filter Include="Source Files\Character\Stats\SuperClass">
      <UniqueIdentifier>{53528d19-3d42-43ca-9d5c-1c6d5d242b3f}</UniqueIdentifier>
    </Filter>
    <Filter Include="Source Files\Character\Stats\SubClass">
      <UniqueIdentifier>{9a7add79-0cb4-4f5c-9e71-973ce1591d0a}</UniqueIdentifier>
    </Filter>
    <Filter Include="Source Files\Character\CharacterManipulation\Base Class">
      <UniqueIdentifier>{1339e876-e409-4fd3-9a56-a297b2c8e926}</UniqueIdentifier>
    </Filter>
    <Filter Include="Source Files\Character\CharacterManipulation\Derived Class">
      <UniqueIdentifier>{5664d930-7481-4a29-bce5-e2b37a69a746}</UniqueIdentifier>
    </Filter>
    <Filter Include="Header Files\Character\CharacterManipulation\Derived Class">
      <UniqueIdentifier>{fb4c9da0-1099-4e83-bd35-319c3ed320be}</UniqueIdentifier>
    </Filter>
    <Filter Include="Header Files\Character\CharacterManipulation\Base Class">
      <UniqueIdentifier>{64a7a777-9edf-4c40-8345-fddb0f177e6e}</UniqueIdentifier>
    </Filter>
    <Filter Include="Header Files\Character\AI">
      <UniqueIdentifier>{0bce7d02-b5f9-443e-82b2-379af34e5889}</UniqueIdentifier>
    </Filter>
    <Filter Include="Header Files\Character\AI\Base Class">
      <UniqueIdentifier>{915ffdf9-86f0-4dcf-8866-26bed35b3eb0}</UniqueIdentifier>
    </Filter>
    <Filter Include="Header Files\Character\AI\Derived Class">
      <UniqueIdentifier>{a69d54ea-e1cb-496a-b840-8a2abccfc688}</UniqueIdentifier>
    </Filter>
    <Filter Include="Source Files\Character\AI">
      <UniqueIdentifier>{c194f4ac-812c-4165-862e-4b68d23b2d2b}</UniqueIdentifier>
    </Filter>
    <Filter Include="Source Files\Character\AI\Base Class">
      <UniqueIdentifier>{a1f52918-9532-4d11-a7b1-d449e8aa6ff0}</UniqueIdentifier>
    </Filter>
    <Filter Include="Source Files\Character\AI\Derived Class">
      <UniqueIdentifier>{8f32578e-46d3-47cb-9834-080a961ad14b}</UniqueIdentifier>
    </Filter>
    <Filter Include="Source Files\TextBox\Derived Class">
      <UniqueIdentifier>{f463e418-01da-489b-9d10-b077b16b1aa7}</UniqueIdentifier>
    </Filter>
    <Filter Include="Source Files\TextBox\Base Class">
      <UniqueIdentifier>{27e7bfce-d0fb-4c47-a5cf-2ede666576ff}</UniqueIdentifier>
    </Filter>
    <Filter Include="Header Files\TextBox\Derived Class">
      <UniqueIdentifier>{3c661670-12cd-44e3-866b-a1820e39f2a8}</UniqueIdentifier>
    </Filter>
    <Filter Include="Header Files\TextBox\Base Class">
      <UniqueIdentifier>{95ceadb7-cd77-4d63-b513-d0c5dbffee43}</UniqueIdentifier>
    </Filter>
    <Filter Include="Source Files\Battle\TurnTimer">
      <UniqueIdentifier>{288ca775-13ea-4cbb-b414-bc3fd81b6d36}</UniqueIdentifier>
    </Filter>
    <Filter Include="Source Files\Battle\TurnTimer\TurnTimerList">
      <UniqueIdentifier>{09413817-bcc2-4086-ab06-60a7307db87c}</UniqueIdentifier>
    </Filter>
    <Filter Include="Source Files\Battle\TurnTimer\Derived Class">
      <UniqueIdentifier>{fd833bcf-6de1-450c-b2e5-27193726e38b}</UniqueIdentifier>
    </Filter>
    <Filter Include="Source Files\Battle\TurnTimer\Base Class">
      <UniqueIdentifier>{675b5491-27d9-4a6e-ab64-656ec2056b6d}</UniqueIdentifier>
    </Filter>
    <Filter Include="Header Files\Manager">
      <UniqueIdentifier>{5cde6395-3e2e-4c4b-b1f1-9858cb296aa5}</UniqueIdentifier>
    </Filter>
    <Filter Include="Header Files\Manager\Base Class">
      <UniqueIdentifier>{24ce190f-ee57-46c0-9265-de13ae64e5f3}</UniqueIdentifier>
    </Filter>
    <Filter Include="Header Files\Manager\Derived Class">
      <UniqueIdentifier>{b081d3c4-ceaf-42c8-8056-a67536a73599}</UniqueIdentifier>
    </Filter>
    <Filter Include="Source Files\Manager">
      <UniqueIdentifier>{c24f8ed5-afa3-4011-953c-e1de1222dd1b}</UniqueIdentifier>
    </Filter>
    <Filter Include="Source Files\Manager\Base Class">
      <UniqueIdentifier>{8d3bb1b9-473f-481d-93ee-b1bd51075e93}</UniqueIdentifier>
    </Filter>
    <Filter Include="Source Files\Manager\Derived Class">
      <UniqueIdentifier>{1227e1ac-0456-4efa-8859-a637c6ba9821}</UniqueIdentifier>
    </Filter>
  </ItemGroup>
  <ItemGroup>
    <ClCompile Include="main.cpp">
      <Filter>Source Files</Filter>
    </ClCompile>
    <ClCompile Include="BattleAction.cpp">
      <Filter>Source Files\Battle</Filter>
    </ClCompile>
    <ClCompile Include="ImageStore.cpp">
      <Filter>Source Files\Images</Filter>
    </ClCompile>
    <ClCompile Include="Collision.cpp">
      <Filter>Source Files\Utilities</Filter>
    </ClCompile>
    <ClCompile Include="Controls.cpp">
      <Filter>Source Files\Utilities</Filter>
    </ClCompile>
    <ClCompile Include="CharacterManipulation.cpp">
      <Filter>Source Files\Character\CharacterManipulation\Base Class</Filter>
    </ClCompile>
    <ClCompile Include="CharacterAttack.cpp">
      <Filter>Source Files\Character\CharacterManipulation\Derived Class</Filter>
    </ClCompile>
    <ClCompile Include="Stats.cpp">
      <Filter>Source Files\Character\Stats\SuperClass</Filter>
    </ClCompile>
    <ClCompile Include="CharStats.cpp">
      <Filter>Source Files\Character\Stats\SubClass</Filter>
    </ClCompile>
    <ClCompile Include="CharacterManipulationStore.cpp">
      <Filter>Source Files\Character\CharacterManipulation\CharacterManipulationStore</Filter>
    </ClCompile>
    <ClCompile Include="CharFactory.cpp">
      <Filter>Source Files\Character\CharFactory</Filter>
    </ClCompile>
    <ClCompile Include="Map.cpp">
      <Filter>Source Files\Map</Filter>
    </ClCompile>
    <ClCompile Include="BattleMap.cpp">
      <Filter>Source Files\Map</Filter>
    </ClCompile>
    <ClCompile Include="AreaMap.cpp">
      <Filter>Source Files\Map</Filter>
    </ClCompile>
    <ClCompile Include="Animation.cpp">
      <Filter>Source Files\Animation\SuperClass</Filter>
    </ClCompile>
    <ClCompile Include="MovingImage.cpp">
      <Filter>Source Files\Animation\SubClass</Filter>
    </ClCompile>
    <ClCompile Include="MovingText.cpp">
      <Filter>Source Files\Animation\SubClass</Filter>
    </ClCompile>
    <ClCompile Include="Menu.cpp">
      <Filter>Source Files\TextBox\Derived Class</Filter>
    </ClCompile>
    <ClCompile Include="FontStore.cpp">
      <Filter>Source Files\FontStore</Filter>
    </ClCompile>
    <ClCompile Include="TransferAnimations.cpp">
      <Filter>Source Files\Utilities</Filter>
    </ClCompile>
    <ClCompile Include="Draw.cpp">
      <Filter>Source Files\DrawToScreen</Filter>
    </ClCompile>
    <ClCompile Include="DrawRespository.cpp">
      <Filter>Source Files\DrawToScreen</Filter>
    </ClCompile>
    <ClCompile Include="ThrowRock.cpp">
      <Filter>Source Files\Character\CharacterManipulation\Derived Class</Filter>
    </ClCompile>
    <ClCompile Include="TurnTimer.cpp">
      <Filter>Source Files\Battle\TurnTimer\Base Class</Filter>
    </ClCompile>
    <ClCompile Include="InitEnemies.cpp">
      <Filter>Source Files\Battle</Filter>
    </ClCompile>
    <ClCompile Include="CharacterTimer.cpp">
      <Filter>Source Files\Battle\TurnTimer\Derived Class</Filter>
    </ClCompile>
    <ClCompile Include="SetTurnTimerListToCharacterList.cpp">
      <Filter>Source Files\Battle\TurnTimer\TurnTimerList</Filter>
    </ClCompile>
    <ClCompile Include="CharacterList.cpp">
      <Filter>Source Files\List\Derived Class</Filter>
    </ClCompile>
    <ClCompile Include="TurnTimerList.cpp">
      <Filter>Source Files\List\Derived Class</Filter>
    </ClCompile>
    <ClCompile Include="I_Creature.cpp">
      <Filter>Source Files\Character\Base Class</Filter>
    </ClCompile>
    <ClCompile Include="I_List.cpp">
      <Filter>Source Files\List\Base Class</Filter>
    </ClCompile>
    <ClCompile Include="Layer.cpp">
      <Filter>Source Files\Map</Filter>
    </ClCompile>
    <ClCompile Include="Movement.cpp">
      <Filter>Source Files\Map</Filter>
    </ClCompile>
    <ClCompile Include="Cutscene.cpp">
      <Filter>Source Files\Cutscene</Filter>
    </ClCompile>
    <ClCompile Include="Scenery.cpp">
      <Filter>Source Files\Scenery</Filter>
    </ClCompile>
    <ClCompile Include="Tangible.cpp">
      <Filter>Source Files\Tangible</Filter>
    </ClCompile>
    <ClCompile Include="Cursor.cpp">
      <Filter>Source Files\Cursor</Filter>
    </ClCompile>
    <ClCompile Include="Character.cpp">
      <Filter>Source Files\Character\Derived Class</Filter>
    </ClCompile>
    <ClCompile Include="Fire1.cpp">
      <Filter>Source Files\Character\CharacterManipulation\Derived Class</Filter>
    </ClCompile>
    <ClCompile Include="Fire2.cpp">
      <Filter>Source Files\Character\CharacterManipulation\Derived Class</Filter>
    </ClCompile>
    <ClCompile Include="Fire3.cpp">
      <Filter>Source Files\Character\CharacterManipulation\Derived Class</Filter>
    </ClCompile>
    <ClCompile Include="I_AI.cpp">
      <Filter>Source Files\Character\AI\Base Class</Filter>
    </ClCompile>
    <ClCompile Include="ratAI.cpp">
      <Filter>Source Files\Character\AI\Derived Class</Filter>
    </ClCompile>
    <ClCompile Include="InitPlayers.cpp">
      <Filter>Source Files\Battle</Filter>
    </ClCompile>
    <ClCompile Include="I_Manager.cpp">
      <Filter>Source Files\Manager\Base Class</Filter>
    </ClCompile>
    <ClCompile Include="GameManager.cpp">
      <Filter>Source Files\Manager\Derived Class</Filter>
    </ClCompile>
    <ClCompile Include="BattleManager.cpp">
      <Filter>Source Files\Manager\Derived Class</Filter>
    </ClCompile>
    <ClCompile Include="I_InfoBox.cpp">
      <Filter>Source Files\TextBox\Base Class</Filter>
    </ClCompile>
    <ClCompile Include="TextBox.cpp">
      <Filter>Source Files\TextBox\Derived Class</Filter>
    </ClCompile>
    <ClCompile Include="MenuList.cpp">
      <Filter>Source Files\List\Derived Class</Filter>
    </ClCompile>
  </ItemGroup>
  <ItemGroup>
    <ClInclude Include="BattleAction.h">
      <Filter>Header Files\Battle</Filter>
    </ClInclude>
    <ClInclude Include="CreateBattleAnimation.h">
      <Filter>Header Files\Battle</Filter>
    </ClInclude>
    <ClInclude Include="ImageStore.h">
      <Filter>Header Files\Images</Filter>
    </ClInclude>
    <ClInclude Include="Collision.h">
      <Filter>Header Files\Utilities</Filter>
    </ClInclude>
    <ClInclude Include="Controls.h">
      <Filter>Header Files\Utilities</Filter>
    </ClInclude>
    <ClInclude Include="CharacterManipulation.h">
      <Filter>Header Files\Character\CharacterManipulation\Base Class</Filter>
    </ClInclude>
    <ClInclude Include="CharacterAttack.h">
      <Filter>Header Files\Character\CharacterManipulation\Derived Class</Filter>
    </ClInclude>
    <ClInclude Include="Stats.h">
      <Filter>Header Files\Character\Stats\SuperClass</Filter>
    </ClInclude>
    <ClInclude Include="CharStats.h">
      <Filter>Header Files\Character\Stats\SubClass</Filter>
    </ClInclude>
    <ClInclude Include="CharacterManipulationStore.h">
      <Filter>Header Files\Character\CharacterManipulation\CharacterManipulationStore</Filter>
    </ClInclude>
    <ClInclude Include="CharFactory.h">
      <Filter>Header Files\Character\CharFactory</Filter>
    </ClInclude>
    <ClInclude Include="AreaMap.h">
      <Filter>Header Files\Map</Filter>
    </ClInclude>
    <ClInclude Include="AreaMapLayouts.h">
      <Filter>Header Files\Map</Filter>
    </ClInclude>
    <ClInclude Include="Map.h">
      <Filter>Header Files\Map</Filter>
    </ClInclude>
    <ClInclude Include="Animation.h">
      <Filter>Header Files\Animation\SuperClass</Filter>
    </ClInclude>
    <ClInclude Include="MovingImage.h">
      <Filter>Header Files\Animation\SubClass</Filter>
    </ClInclude>
    <ClInclude Include="MovingText.h">
      <Filter>Header Files\Animation\SubClass</Filter>
    </ClInclude>
    <ClInclude Include="Menu.h">
      <Filter>Header Files\TextBox\Derived Class</Filter>
    </ClInclude>
    <ClInclude Include="FontStore.h">
      <Filter>Header Files\Font</Filter>
    </ClInclude>
    <ClInclude Include="TransferAnimations.h">
      <Filter>Header Files\Utilities</Filter>
    </ClInclude>
    <ClInclude Include="Draw.h">
      <Filter>Header Files\DrawToScreen</Filter>
    </ClInclude>
    <ClInclude Include="DrawRepository.h">
      <Filter>Header Files\DrawToScreen</Filter>
    </ClInclude>
    <ClInclude Include="ThrowRock.h">
      <Filter>Header Files\Character\CharacterManipulation\Derived Class</Filter>
    </ClInclude>
    <ClInclude Include="InitEnemies.h">
      <Filter>Header Files\Battle</Filter>
    </ClInclude>
    <ClInclude Include="CharacterTimer.h">
      <Filter>Header Files\Battle\TurnTimer\Derived Class</Filter>
    </ClInclude>
    <ClInclude Include="TurnTimer.h">
      <Filter>Header Files\Battle\TurnTimer\Base Class</Filter>
    </ClInclude>
    <ClInclude Include="SetTurnTimerListToCharacterList.h">
      <Filter>Header Files\Battle\TurnTimer\TurnTimerList</Filter>
    </ClInclude>
    <ClInclude Include="CharacterList.h">
      <Filter>Header Files\List\Derived Class</Filter>
    </ClInclude>
    <ClInclude Include="TurnTimerList.h">
      <Filter>Header Files\List\Derived Class</Filter>
    </ClInclude>
    <ClInclude Include="I_Creature.h">
      <Filter>Header Files\Character\Base Class</Filter>
    </ClInclude>
    <ClInclude Include="I_List.h">
      <Filter>Header Files\List\Base Class</Filter>
    </ClInclude>
    <ClInclude Include="BattleMap.h">
      <Filter>Header Files\Map</Filter>
    </ClInclude>
    <ClInclude Include="Layer.h">
      <Filter>Header Files\Map</Filter>
    </ClInclude>
    <ClInclude Include="Movement.h">
      <Filter>Header Files\Map</Filter>
    </ClInclude>
    <ClInclude Include="Enums.h">
      <Filter>Header Files\Utilities</Filter>
    </ClInclude>
    <ClInclude Include="Cutscene.h">
      <Filter>Header Files\Cutscene</Filter>
    </ClInclude>
    <ClInclude Include="Cursor.h">
      <Filter>Header Files\Cursor</Filter>
    </ClInclude>
    <ClInclude Include="Scenery.h">
      <Filter>Header Files\Scenery</Filter>
    </ClInclude>
    <ClInclude Include="Tangible.h">
      <Filter>Header Files\Tangible</Filter>
    </ClInclude>
    <ClInclude Include="Character.h">
      <Filter>Header Files\Character\Derived Class</Filter>
    </ClInclude>
    <ClInclude Include="Fire1.h">
      <Filter>Header Files\Character\CharacterManipulation\Derived Class</Filter>
    </ClInclude>
    <ClInclude Include="Fire3.h">
      <Filter>Header Files\Character\CharacterManipulation\Derived Class</Filter>
    </ClInclude>
    <ClInclude Include="Fire2.h">
      <Filter>Header Files\Character\CharacterManipulation\Derived Class</Filter>
    </ClInclude>
    <ClInclude Include="I_AI.h">
      <Filter>Header Files\Character\AI\Base Class</Filter>
    </ClInclude>
    <ClInclude Include="ratAI.h">
      <Filter>Header Files\Character\AI\Derived Class</Filter>
    </ClInclude>
    <ClInclude Include="InitPlayers.h">
      <Filter>Header Files\Battle</Filter>
    </ClInclude>
    <ClInclude Include="I_Manager.h">
      <Filter>Header Files\Manager\Base Class</Filter>
    </ClInclude>
    <ClInclude Include="GameManager.h">
      <Filter>Header Files\Manager\Derived Class</Filter>
    </ClInclude>
    <ClInclude Include="BattleManager.h">
      <Filter>Header Files\Manager\Derived Class</Filter>
    </ClInclude>
    <ClInclude Include="I_InfoBox.h">
      <Filter>Header Files\TextBox\Base Class</Filter>
    </ClInclude>
    <ClInclude Include="TextBox.h">
      <Filter>Header Files\TextBox\Derived Class</Filter>
    </ClInclude>
    <ClInclude Include="MenuList.h">
      <Filter>Header Files\List\Derived Class</Filter>
    </ClInclude>
  </ItemGroup>
</Project>